// !$*UTF8*$!
{
	archiveVersion = 1;
	classes = {
	};
	objectVersion = 50;
	objects = {

/* Begin PBXBuildFile section */
		6C78E4CBB80E103D3F76F7CC /* Pods_Exp_MapsD.framework in Frameworks */ = {isa = PBXBuildFile; fileRef = BCB5A813C38B237808F1581F /* Pods_Exp_MapsD.framework */; };
		D854A8AB23D83C46009C5504 /* AppDelegate.swift in Sources */ = {isa = PBXBuildFile; fileRef = D854A8AA23D83C46009C5504 /* AppDelegate.swift */; };
		D854A8AD23D83C46009C5504 /* SceneDelegate.swift in Sources */ = {isa = PBXBuildFile; fileRef = D854A8AC23D83C46009C5504 /* SceneDelegate.swift */; };
		D854A8AF23D83C46009C5504 /* ViewController.swift in Sources */ = {isa = PBXBuildFile; fileRef = D854A8AE23D83C46009C5504 /* ViewController.swift */; };
		D854A8B223D83C46009C5504 /* Main.storyboard in Resources */ = {isa = PBXBuildFile; fileRef = D854A8B023D83C46009C5504 /* Main.storyboard */; };
		D854A8B423D83C4C009C5504 /* Assets.xcassets in Resources */ = {isa = PBXBuildFile; fileRef = D854A8B323D83C4C009C5504 /* Assets.xcassets */; };
		D854A8B723D83C4C009C5504 /* LaunchScreen.storyboard in Resources */ = {isa = PBXBuildFile; fileRef = D854A8B523D83C4C009C5504 /* LaunchScreen.storyboard */; };
/* End PBXBuildFile section */

/* Begin PBXFileReference section */
		32B8D31484D07D9F1DA6669E /* Pods-Exp_MapsD.release.xcconfig */ = {isa = PBXFileReference; includeInIndex = 1; lastKnownFileType = text.xcconfig; name = "Pods-Exp_MapsD.release.xcconfig"; path = "Target Support Files/Pods-Exp_MapsD/Pods-Exp_MapsD.release.xcconfig"; sourceTree = "<group>"; };
		BCB5A813C38B237808F1581F /* Pods_Exp_MapsD.framework */ = {isa = PBXFileReference; explicitFileType = wrapper.framework; includeInIndex = 0; path = Pods_Exp_MapsD.framework; sourceTree = BUILT_PRODUCTS_DIR; };
		D854A8A723D83C46009C5504 /* Exp_MapsD.app */ = {isa = PBXFileReference; explicitFileType = wrapper.application; includeInIndex = 0; path = Exp_MapsD.app; sourceTree = BUILT_PRODUCTS_DIR; };
		D854A8AA23D83C46009C5504 /* AppDelegate.swift */ = {isa = PBXFileReference; lastKnownFileType = sourcecode.swift; path = AppDelegate.swift; sourceTree = "<group>"; };
		D854A8AC23D83C46009C5504 /* SceneDelegate.swift */ = {isa = PBXFileReference; lastKnownFileType = sourcecode.swift; path = SceneDelegate.swift; sourceTree = "<group>"; };
		D854A8AE23D83C46009C5504 /* ViewController.swift */ = {isa = PBXFileReference; lastKnownFileType = sourcecode.swift; path = ViewController.swift; sourceTree = "<group>"; };
		D854A8B123D83C46009C5504 /* Base */ = {isa = PBXFileReference; lastKnownFileType = file.storyboard; name = Base; path = Base.lproj/Main.storyboard; sourceTree = "<group>"; };
		D854A8B323D83C4C009C5504 /* Assets.xcassets */ = {isa = PBXFileReference; lastKnownFileType = folder.assetcatalog; path = Assets.xcassets; sourceTree = "<group>"; };
		D854A8B623D83C4C009C5504 /* Base */ = {isa = PBXFileReference; lastKnownFileType = file.storyboard; name = Base; path = Base.lproj/LaunchScreen.storyboard; sourceTree = "<group>"; };
		D854A8B823D83C4C009C5504 /* Info.plist */ = {isa = PBXFileReference; lastKnownFileType = text.plist.xml; path = Info.plist; sourceTree = "<group>"; };
		E55438DE4D8AE1A15877F3FD /* Pods-Exp_MapsD.debug.xcconfig */ = {isa = PBXFileReference; includeInIndex = 1; lastKnownFileType = text.xcconfig; name = "Pods-Exp_MapsD.debug.xcconfig"; path = "Target Support Files/Pods-Exp_MapsD/Pods-Exp_MapsD.debug.xcconfig"; sourceTree = "<group>"; };
/* End PBXFileReference section */

/* Begin PBXFrameworksBuildPhase section */
		D854A8A423D83C46009C5504 /* Frameworks */ = {
			isa = PBXFrameworksBuildPhase;
			buildActionMask = 2147483647;
			files = (
				6C78E4CBB80E103D3F76F7CC /* Pods_Exp_MapsD.framework in Frameworks */,
			);
			runOnlyForDeploymentPostprocessing = 0;
		};
/* End PBXFrameworksBuildPhase section */

/* Begin PBXGroup section */
		4A15E2E0AA30B5A20E76D409 /* Pods */ = {
			isa = PBXGroup;
			children = (
				E55438DE4D8AE1A15877F3FD /* Pods-Exp_MapsD.debug.xcconfig */,
				32B8D31484D07D9F1DA6669E /* Pods-Exp_MapsD.release.xcconfig */,
			);
			name = Pods;
			path = Pods;
			sourceTree = "<group>";
		};
		8C1480B875220C58D327F5D4 /* Frameworks */ = {
			isa = PBXGroup;
			children = (
				BCB5A813C38B237808F1581F /* Pods_Exp_MapsD.framework */,
			);
			name = Frameworks;
			sourceTree = "<group>";
		};
		D854A89E23D83C46009C5504 = {
			isa = PBXGroup;
			children = (
				D854A8A923D83C46009C5504 /* Exp_MapsD */,
				D854A8A823D83C46009C5504 /* Products */,
				4A15E2E0AA30B5A20E76D409 /* Pods */,
				8C1480B875220C58D327F5D4 /* Frameworks */,
			);
			sourceTree = "<group>";
		};
		D854A8A823D83C46009C5504 /* Products */ = {
			isa = PBXGroup;
			children = (
				D854A8A723D83C46009C5504 /* Exp_MapsD.app */,
			);
			name = Products;
			sourceTree = "<group>";
		};
		D854A8A923D83C46009C5504 /* Exp_MapsD */ = {
			isa = PBXGroup;
			children = (
				D854A8AA23D83C46009C5504 /* AppDelegate.swift */,
				D854A8AC23D83C46009C5504 /* SceneDelegate.swift */,
				D854A8AE23D83C46009C5504 /* ViewController.swift */,
				D854A8B023D83C46009C5504 /* Main.storyboard */,
				D854A8B323D83C4C009C5504 /* Assets.xcassets */,
				D854A8B523D83C4C009C5504 /* LaunchScreen.storyboard */,
				D854A8B823D83C4C009C5504 /* Info.plist */,
			);
			path = Exp_MapsD;
			sourceTree = "<group>";
		};
/* End PBXGroup section */

/* Begin PBXNativeTarget section */
		D854A8A623D83C46009C5504 /* Exp_MapsD */ = {
			isa = PBXNativeTarget;
			buildConfigurationList = D854A8BB23D83C4C009C5504 /* Build configuration list for PBXNativeTarget "Exp_MapsD" */;
			buildPhases = (
				D59F0131E76F461046A9E520 /* [CP] Check Pods Manifest.lock */,
				D854A8A323D83C46009C5504 /* Sources */,
				D854A8A423D83C46009C5504 /* Frameworks */,
				D854A8A523D83C46009C5504 /* Resources */,
				E689EAB3892EBA1B29E82779 /* [CP] Copy Pods Resources */,
				8E1BC033FE9F7442B6F66346 /* [CP] Embed Pods Frameworks */,
			);
			buildRules = (
			);
			dependencies = (
			);
			name = Exp_MapsD;
			productName = Exp_MapsD;
			productReference = D854A8A723D83C46009C5504 /* Exp_MapsD.app */;
			productType = "com.apple.product-type.application";
		};
/* End PBXNativeTarget section */

/* Begin PBXProject section */
		D854A89F23D83C46009C5504 /* Project object */ = {
			isa = PBXProject;
			attributes = {
				LastSwiftUpdateCheck = 1130;
				LastUpgradeCheck = 1130;
				ORGANIZATIONNAME = BRN;
				TargetAttributes = {
					D854A8A623D83C46009C5504 = {
						CreatedOnToolsVersion = 11.3;
					};
				};
			};
			buildConfigurationList = D854A8A223D83C46009C5504 /* Build configuration list for PBXProject "Exp_MapsD" */;
			compatibilityVersion = "Xcode 9.3";
			developmentRegion = en;
			hasScannedForEncodings = 0;
			knownRegions = (
				en,
				Base,
			);
			mainGroup = D854A89E23D83C46009C5504;
			productRefGroup = D854A8A823D83C46009C5504 /* Products */;
			projectDirPath = "";
			projectRoot = "";
			targets = (
				D854A8A623D83C46009C5504 /* Exp_MapsD */,
			);
		};
/* End PBXProject section */

/* Begin PBXResourcesBuildPhase section */
		D854A8A523D83C46009C5504 /* Resources */ = {
			isa = PBXResourcesBuildPhase;
			buildActionMask = 2147483647;
			files = (
				D854A8B723D83C4C009C5504 /* LaunchScreen.storyboard in Resources */,
				D854A8B423D83C4C009C5504 /* Assets.xcassets in Resources */,
				D854A8B223D83C46009C5504 /* Main.storyboard in Resources */,
			);
			runOnlyForDeploymentPostprocessing = 0;
		};
/* End PBXResourcesBuildPhase section */

/* Begin PBXShellScriptBuildPhase section */
		8E1BC033FE9F7442B6F66346 /* [CP] Embed Pods Frameworks */ = {
			isa = PBXShellScriptBuildPhase;
			buildActionMask = 2147483647;
			files = (
			);
			inputFileListPaths = (
				"${PODS_ROOT}/Target Support Files/Pods-Exp_MapsD/Pods-Exp_MapsD-frameworks-${CONFIGURATION}-input-files.xcfilelist",
			);
			name = "[CP] Embed Pods Frameworks";
			outputFileListPaths = (
				"${PODS_ROOT}/Target Support Files/Pods-Exp_MapsD/Pods-Exp_MapsD-frameworks-${CONFIGURATION}-output-files.xcfilelist",
			);
			runOnlyForDeploymentPostprocessing = 0;
			shellPath = /bin/sh;
			shellScript = "\"${PODS_ROOT}/Target Support Files/Pods-Exp_MapsD/Pods-Exp_MapsD-frameworks.sh\"\n";
			showEnvVarsInLog = 0;
		};
		D59F0131E76F461046A9E520 /* [CP] Check Pods Manifest.lock */ = {
			isa = PBXShellScriptBuildPhase;
			buildActionMask = 2147483647;
			files = (
			);
			inputFileListPaths = (
			);
			inputPaths = (
				"${PODS_PODFILE_DIR_PATH}/Podfile.lock",
				"${PODS_ROOT}/Manifest.lock",
			);
			name = "[CP] Check Pods Manifest.lock";
			outputFileListPaths = (
			);
			outputPaths = (
				"$(DERIVED_FILE_DIR)/Pods-Exp_MapsD-checkManifestLockResult.txt",
			);
			runOnlyForDeploymentPostprocessing = 0;
			shellPath = /bin/sh;
			shellScript = "diff \"${PODS_PODFILE_DIR_PATH}/Podfile.lock\" \"${PODS_ROOT}/Manifest.lock\" > /dev/null\nif [ $? != 0 ] ; then\n    # print error to STDERR\n    echo \"error: The sandbox is not in sync with the Podfile.lock. Run 'pod install' or update your CocoaPods installation.\" >&2\n    exit 1\nfi\n# This output is used by Xcode 'outputs' to avoid re-running this script phase.\necho \"SUCCESS\" > \"${SCRIPT_OUTPUT_FILE_0}\"\n";
			showEnvVarsInLog = 0;
		};
		E689EAB3892EBA1B29E82779 /* [CP] Copy Pods Resources */ = {
			isa = PBXShellScriptBuildPhase;
			buildActionMask = 2147483647;
			files = (
			);
			inputFileListPaths = (
				"${PODS_ROOT}/Target Support Files/Pods-Exp_MapsD/Pods-Exp_MapsD-resources-${CONFIGURATION}-input-files.xcfilelist",
			);
			name = "[CP] Copy Pods Resources";
			outputFileListPaths = (
				"${PODS_ROOT}/Target Support Files/Pods-Exp_MapsD/Pods-Exp_MapsD-resources-${CONFIGURATION}-output-files.xcfilelist",
			);
			runOnlyForDeploymentPostprocessing = 0;
			shellPath = /bin/sh;
			shellScript = "\"${PODS_ROOT}/Target Support Files/Pods-Exp_MapsD/Pods-Exp_MapsD-resources.sh\"\n";
			showEnvVarsInLog = 0;
		};
/* End PBXShellScriptBuildPhase section */

/* Begin PBXSourcesBuildPhase section */
		D854A8A323D83C46009C5504 /* Sources */ = {
			isa = PBXSourcesBuildPhase;
			buildActionMask = 2147483647;
			files = (
				D854A8AF23D83C46009C5504 /* ViewController.swift in Sources */,
				D854A8AB23D83C46009C5504 /* AppDelegate.swift in Sources */,
				D854A8AD23D83C46009C5504 /* SceneDelegate.swift in Sources */,
			);
			runOnlyForDeploymentPostprocessing = 0;
		};
/* End PBXSourcesBuildPhase section */

/* Begin PBXVariantGroup section */
		D854A8B023D83C46009C5504 /* Main.storyboard */ = {
			isa = PBXVariantGroup;
			children = (
				D854A8B123D83C46009C5504 /* Base */,
			);
			name = Main.storyboard;
			sourceTree = "<group>";
		};
		D854A8B523D83C4C009C5504 /* LaunchScreen.storyboard */ = {
			isa = PBXVariantGroup;
			children = (
				D854A8B623D83C4C009C5504 /* Base */,
			);
			name = LaunchScreen.storyboard;
			sourceTree = "<group>";
		};
/* End PBXVariantGroup section */

/* Begin XCBuildConfiguration section */
		D854A8B923D83C4C009C5504 /* Debug */ = {
			isa = XCBuildConfiguration;
			buildSettings = {
				ALWAYS_SEARCH_USER_PATHS = NO;
				CLANG_ANALYZER_NONNULL = YES;
				CLANG_ANALYZER_NUMBER_OBJECT_CONVERSION = YES_AGGRESSIVE;
				CLANG_CXX_LANGUAGE_STANDARD = "gnu++14";
				CLANG_CXX_LIBRARY = "libc++";
				CLANG_ENABLE_MODULES = YES;
				CLANG_ENABLE_OBJC_ARC = YES;
				CLANG_ENABLE_OBJC_WEAK = YES;
				CLANG_WARN_BLOCK_CAPTURE_AUTORELEASING = YES;
				CLANG_WARN_BOOL_CONVERSION = YES;
				CLANG_WARN_COMMA = YES;
				CLANG_WARN_CONSTANT_CONVERSION = YES;
				CLANG_WARN_DEPRECATED_OBJC_IMPLEMENTATIONS = YES;
				CLANG_WARN_DIRECT_OBJC_ISA_USAGE = YES_ERROR;
				CLANG_WARN_DOCUMENTATION_COMMENTS = YES;
				CLANG_WARN_EMPTY_BODY = YES;
				CLANG_WARN_ENUM_CONVERSION = YES;
				CLANG_WARN_INFINITE_RECURSION = YES;
				CLANG_WARN_INT_CONVERSION = YES;
				CLANG_WARN_NON_LITERAL_NULL_CONVERSION = YES;
				CLANG_WARN_OBJC_IMPLICIT_RETAIN_SELF = YES;
				CLANG_WARN_OBJC_LITERAL_CONVERSION = YES;
				CLANG_WARN_OBJC_ROOT_CLASS = YES_ERROR;
				CLANG_WARN_RANGE_LOOP_ANALYSIS = YES;
				CLANG_WARN_STRICT_PROTOTYPES = YES;
				CLANG_WARN_SUSPICIOUS_MOVE = YES;
				CLANG_WARN_UNGUARDED_AVAILABILITY = YES_AGGRESSIVE;
				CLANG_WARN_UNREACHABLE_CODE = YES;
				CLANG_WARN__DUPLICATE_METHOD_MATCH = YES;
				COPY_PHASE_STRIP = NO;
				DEBUG_INFORMATION_FORMAT = dwarf;
				ENABLE_STRICT_OBJC_MSGSEND = YES;
				ENABLE_TESTABILITY = YES;
				GCC_C_LANGUAGE_STANDARD = gnu11;
				GCC_DYNAMIC_NO_PIC = NO;
				GCC_NO_COMMON_BLOCKS = YES;
				GCC_OPTIMIZATION_LEVEL = 0;
				GCC_PREPROCESSOR_DEFINITIONS = (
					"DEBUG=1",
					"$(inherited)",
				);
				GCC_WARN_64_TO_32_BIT_CONVERSION = YES;
				GCC_WARN_ABOUT_RETURN_TYPE = YES_ERROR;
				GCC_WARN_UNDECLARED_SELECTOR = YES;
				GCC_WARN_UNINITIALIZED_AUTOS = YES_AGGRESSIVE;
				GCC_WARN_UNUSED_FUNCTION = YES;
				GCC_WARN_UNUSED_VARIABLE = YES;
				IPHONEOS_DEPLOYMENT_TARGET = 13.2;
				MTL_ENABLE_DEBUG_INFO = INCLUDE_SOURCE;
				MTL_FAST_MATH = YES;
				ONLY_ACTIVE_ARCH = YES;
				SDKROOT = iphoneos;
				SWIFT_ACTIVE_COMPILATION_CONDITIONS = DEBUG;
				SWIFT_OPTIMIZATION_LEVEL = "-Onone";
			};
			name = Debug;
		};
		D854A8BA23D83C4C009C5504 /* Release */ = {
			isa = XCBuildConfiguration;
			buildSettings = {
				ALWAYS_SEARCH_USER_PATHS = NO;
				CLANG_ANALYZER_NONNULL = YES;
				CLANG_ANALYZER_NUMBER_OBJECT_CONVERSION = YES_AGGRESSIVE;
				CLANG_CXX_LANGUAGE_STANDARD = "gnu++14";
				CLANG_CXX_LIBRARY = "libc++";
				CLANG_ENABLE_MODULES = YES;
				CLANG_ENABLE_OBJC_ARC = YES;
				CLANG_ENABLE_OBJC_WEAK = YES;
				CLANG_WARN_BLOCK_CAPTURE_AUTORELEASING = YES;
				CLANG_WARN_BOOL_CONVERSION = YES;
				CLANG_WARN_COMMA = YES;
				CLANG_WARN_CONSTANT_CONVERSION = YES;
				CLANG_WARN_DEPRECATED_OBJC_IMPLEMENTATIONS = YES;
				CLANG_WARN_DIRECT_OBJC_ISA_USAGE = YES_ERROR;
				CLANG_WARN_DOCUMENTATION_COMMENTS = YES;
				CLANG_WARN_EMPTY_BODY = YES;
				CLANG_WARN_ENUM_CONVERSION = YES;
				CLANG_WARN_INFINITE_RECURSION = YES;
				CLANG_WARN_INT_CONVERSION = YES;
				CLANG_WARN_NON_LITERAL_NULL_CONVERSION = YES;
				CLANG_WARN_OBJC_IMPLICIT_RETAIN_SELF = YES;
				CLANG_WARN_OBJC_LITERAL_CONVERSION = YES;
				CLANG_WARN_OBJC_ROOT_CLASS = YES_ERROR;
				CLANG_WARN_RANGE_LOOP_ANALYSIS = YES;
				CLANG_WARN_STRICT_PROTOTYPES = YES;
				CLANG_WARN_SUSPICIOUS_MOVE = YES;
				CLANG_WARN_UNGUARDED_AVAILABILITY = YES_AGGRESSIVE;
				CLANG_WARN_UNREACHABLE_CODE = YES;
				CLANG_WARN__DUPLICATE_METHOD_MATCH = YES;
				COPY_PHASE_STRIP = NO;
				DEBUG_INFORMATION_FORMAT = "dwarf-with-dsym";
				ENABLE_NS_ASSERTIONS = NO;
				ENABLE_STRICT_OBJC_MSGSEND = YES;
				GCC_C_LANGUAGE_STANDARD = gnu11;
				GCC_NO_COMMON_BLOCKS = YES;
				GCC_WARN_64_TO_32_BIT_CONVERSION = YES;
				GCC_WARN_ABOUT_RETURN_TYPE = YES_ERROR;
				GCC_WARN_UNDECLARED_SELECTOR = YES;
				GCC_WARN_UNINITIALIZED_AUTOS = YES_AGGRESSIVE;
				GCC_WARN_UNUSED_FUNCTION = YES;
				GCC_WARN_UNUSED_VARIABLE = YES;
				IPHONEOS_DEPLOYMENT_TARGET = 13.2;
				MTL_ENABLE_DEBUG_INFO = NO;
				MTL_FAST_MATH = YES;
				SDKROOT = iphoneos;
				SWIFT_COMPILATION_MODE = wholemodule;
				SWIFT_OPTIMIZATION_LEVEL = "-O";
				VALIDATE_PRODUCT = YES;
			};
			name = Release;
		};
		D854A8BC23D83C4C009C5504 /* Debug */ = {
			isa = XCBuildConfiguration;
			baseConfigurationReference = E55438DE4D8AE1A15877F3FD /* Pods-Exp_MapsD.debug.xcconfig */;
			buildSettings = {
				ASSETCATALOG_COMPILER_APPICON_NAME = AppIcon;
				CODE_SIGN_STYLE = Automatic;
				INFOPLIST_FILE = Exp_MapsD/Info.plist;
				LD_RUNPATH_SEARCH_PATHS = (
					"$(inherited)",
					"@executable_path/Frameworks",
				);
				PRODUCT_BUNDLE_IDENTIFIER = "com.Exp-MapsD";
				PRODUCT_NAME = "$(TARGET_NAME)";
				SWIFT_VERSION = 5.0;
				TARGETED_DEVICE_FAMILY = "1,2";
			};
			name = Debug;
		};
		D854A8BD23D83C4C009C5504 /* Release */ = {
			isa = XCBuildConfiguration;
			baseConfigurationReference = 32B8D31484D07D9F1DA6669E /* Pods-Exp_MapsD.release.xcconfig */;
			buildSettings = {
				ASSETCATALOG_COMPILER_APPICON_NAME = AppIcon;
				CODE_SIGN_STYLE = Automatic;
				INFOPLIST_FILE = Exp_MapsD/Info.plist;
				LD_RUNPATH_SEARCH_PATHS = (
					"$(inherited)",
					"@executable_path/Frameworks",
				);
				PRODUCT_BUNDLE_IDENTIFIER = "com.Exp-MapsD";
				PRODUCT_NAME = "$(TARGET_NAME)";
				SWIFT_VERSION = 5.0;
				TARGETED_DEVICE_FAMILY = "1,2";
			};
			name = Release;
		};
/* End XCBuildConfiguration section */

/* Begin XCConfigurationList section */
		D854A8A223D83C46009C5504 /* Build configuration list for PBXProject "Exp_MapsD" */ = {
			isa = XCConfigurationList;
			buildConfigurations = (
				D854A8B923D83C4C009C5504 /* Debug */,
				D854A8BA23D83C4C009C5504 /* Release */,
			);
			defaultConfigurationIsVisible = 0;
			defaultConfigurationName = Release;
		};
		D854A8BB23D83C4C009C5504 /* Build configuration list for PBXNativeTarget "Exp_MapsD" */ = {
			isa = XCConfigurationList;
			buildConfigurations = (
				D854A8BC23D83C4C009C5504 /* Debug */,
				D854A8BD23D83C4C009C5504 /* Release */,
			);
			defaultConfigurationIsVisible = 0;
			defaultConfigurationName = Release;
		};
/* End XCConfigurationList section */
	};
	rootObject = D854A89F23D83C46009C5504 /* Project object */;
}
